{
  "nodes": {
    "nixpkgs": {
      "locked": {
        "lastModified": 1739702692,
        "narHash": "sha256-LKWw5Eilf+EIVlGhxqcAAZMJyJyR9MrZJ78ke39lPnQ=",
        "owner": "NixOS",
        "repo": "nixpkgs",
        "rev": "aa5c4e6328b77f4aa0cfe37a5ea8a1543806277e",
        "type": "github"
      },
      "original": {
        "owner": "NixOS",
        "repo": "nixpkgs",
        "type": "github"
      }
    },
    "root": {
      "inputs": {
        "nixpkgs": "nixpkgs"
      }
    }
  },
  "root": "root",
  "version": 7
}
